// !$*UTF8*$!
{
	archiveVersion = 1;
	classes = {
	};
	objectVersion = 46;
	objects = {

/* Begin PBXBuildFile section */
		E7E9C3851CC2208D0004FD24 /* main.m in Sources */ = {isa = PBXBuildFile; fileRef = E7E9C3841CC2208D0004FD24 /* main.m */; };
		E7E9C3881CC2208D0004FD24 /* AppDelegate.m in Sources */ = {isa = PBXBuildFile; fileRef = E7E9C3871CC2208D0004FD24 /* AppDelegate.m */; };
		E7E9C38E1CC2208D0004FD24 /* Main.storyboard in Resources */ = {isa = PBXBuildFile; fileRef = E7E9C38C1CC2208D0004FD24 /* Main.storyboard */; };
		E7E9C3901CC2208D0004FD24 /* Assets.xcassets in Resources */ = {isa = PBXBuildFile; fileRef = E7E9C38F1CC2208D0004FD24 /* Assets.xcassets */; };
		E7E9C3931CC2208D0004FD24 /* LaunchScreen.storyboard in Resources */ = {isa = PBXBuildFile; fileRef = E7E9C3911CC2208D0004FD24 /* LaunchScreen.storyboard */; };
		E7E9C39E1CC2208D0004FD24 /* FakeTaoBaoIndexTests.m in Sources */ = {isa = PBXBuildFile; fileRef = E7E9C39D1CC2208D0004FD24 /* FakeTaoBaoIndexTests.m */; };
		E7E9C3A91CC2208D0004FD24 /* FakeTaoBaoIndexUITests.m in Sources */ = {isa = PBXBuildFile; fileRef = E7E9C3A81CC2208D0004FD24 /* FakeTaoBaoIndexUITests.m */; };
		E7E9C3B81CC220E80004FD24 /* PLTableViewController.m in Sources */ = {isa = PBXBuildFile; fileRef = E7E9C3B71CC220E80004FD24 /* PLTableViewController.m */; };
		E7E9C3C61CC350790004FD24 /* PLCollectionViewLayout.m in Sources */ = {isa = PBXBuildFile; fileRef = E7E9C3C51CC350790004FD24 /* PLCollectionViewLayout.m */; };
		E7E9C3CC1CC4AD120004FD24 /* PLCell1.m in Sources */ = {isa = PBXBuildFile; fileRef = E7E9C3CB1CC4AD120004FD24 /* PLCell1.m */; };
/* End PBXBuildFile section */

/* Begin PBXContainerItemProxy section */
		E7E9C39A1CC2208D0004FD24 /* PBXContainerItemProxy */ = {
			isa = PBXContainerItemProxy;
			containerPortal = E7E9C3781CC2208C0004FD24 /* Project object */;
			proxyType = 1;
			remoteGlobalIDString = E7E9C37F1CC2208C0004FD24;
			remoteInfo = FakeTaoBaoIndex;
		};
		E7E9C3A51CC2208D0004FD24 /* PBXContainerItemProxy */ = {
			isa = PBXContainerItemProxy;
			containerPortal = E7E9C3781CC2208C0004FD24 /* Project object */;
			proxyType = 1;
			remoteGlobalIDString = E7E9C37F1CC2208C0004FD24;
			remoteInfo = FakeTaoBaoIndex;
		};
/* End PBXContainerItemProxy section */

/* Begin PBXFileReference section */
		E7E9C3801CC2208C0004FD24 /* FakeTaoBaoIndex.app */ = {isa = PBXFileReference; explicitFileType = wrapper.application; includeInIndex = 0; path = FakeTaoBaoIndex.app; sourceTree = BUILT_PRODUCTS_DIR; };
		E7E9C3841CC2208D0004FD24 /* main.m */ = {isa = PBXFileReference; lastKnownFileType = sourcecode.c.objc; path = main.m; sourceTree = "<group>"; };
		E7E9C3861CC2208D0004FD24 /* AppDelegate.h */ = {isa = PBXFileReference; lastKnownFileType = sourcecode.c.h; path = AppDelegate.h; sourceTree = "<group>"; };
		E7E9C3871CC2208D0004FD24 /* AppDelegate.m */ = {isa = PBXFileReference; lastKnownFileType = sourcecode.c.objc; path = AppDelegate.m; sourceTree = "<group>"; };
		E7E9C38D1CC2208D0004FD24 /* Base */ = {isa = PBXFileReference; lastKnownFileType = file.storyboard; name = Base; path = Base.lproj/Main.storyboard; sourceTree = "<group>"; };
		E7E9C38F1CC2208D0004FD24 /* Assets.xcassets */ = {isa = PBXFileReference; lastKnownFileType = folder.assetcatalog; path = Assets.xcassets; sourceTree = "<group>"; };
		E7E9C3921CC2208D0004FD24 /* Base */ = {isa = PBXFileReference; lastKnownFileType = file.storyboard; name = Base; path = Base.lproj/LaunchScreen.storyboard; sourceTree = "<group>"; };
		E7E9C3941CC2208D0004FD24 /* Info.plist */ = {isa = PBXFileReference; lastKnownFileType = text.plist.xml; path = Info.plist; sourceTree = "<group>"; };
		E7E9C3991CC2208D0004FD24 /* FakeTaoBaoIndexTests.xctest */ = {isa = PBXFileReference; explicitFileType = wrapper.cfbundle; includeInIndex = 0; path = FakeTaoBaoIndexTests.xctest; sourceTree = BUILT_PRODUCTS_DIR; };
		E7E9C39D1CC2208D0004FD24 /* FakeTaoBaoIndexTests.m */ = {isa = PBXFileReference; lastKnownFileType = sourcecode.c.objc; path = FakeTaoBaoIndexTests.m; sourceTree = "<group>"; };
		E7E9C39F1CC2208D0004FD24 /* Info.plist */ = {isa = PBXFileReference; lastKnownFileType = text.plist.xml; path = Info.plist; sourceTree = "<group>"; };
		E7E9C3A41CC2208D0004FD24 /* FakeTaoBaoIndexUITests.xctest */ = {isa = PBXFileReference; explicitFileType = wrapper.cfbundle; includeInIndex = 0; path = FakeTaoBaoIndexUITests.xctest; sourceTree = BUILT_PRODUCTS_DIR; };
		E7E9C3A81CC2208D0004FD24 /* FakeTaoBaoIndexUITests.m */ = {isa = PBXFileReference; lastKnownFileType = sourcecode.c.objc; path = FakeTaoBaoIndexUITests.m; sourceTree = "<group>"; };
		E7E9C3AA1CC2208D0004FD24 /* Info.plist */ = {isa = PBXFileReference; lastKnownFileType = text.plist.xml; path = Info.plist; sourceTree = "<group>"; };
		E7E9C3B61CC220E80004FD24 /* PLTableViewController.h */ = {isa = PBXFileReference; fileEncoding = 4; lastKnownFileType = sourcecode.c.h; path = PLTableViewController.h; sourceTree = "<group>"; };
		E7E9C3B71CC220E80004FD24 /* PLTableViewController.m */ = {isa = PBXFileReference; fileEncoding = 4; lastKnownFileType = sourcecode.c.objc; path = PLTableViewController.m; sourceTree = "<group>"; };
		E7E9C3C41CC350790004FD24 /* PLCollectionViewLayout.h */ = {isa = PBXFileReference; fileEncoding = 4; lastKnownFileType = sourcecode.c.h; path = PLCollectionViewLayout.h; sourceTree = "<group>"; };
		E7E9C3C51CC350790004FD24 /* PLCollectionViewLayout.m */ = {isa = PBXFileReference; fileEncoding = 4; lastKnownFileType = sourcecode.c.objc; path = PLCollectionViewLayout.m; sourceTree = "<group>"; };
		E7E9C3CA1CC4AD120004FD24 /* PLCell1.h */ = {isa = PBXFileReference; fileEncoding = 4; lastKnownFileType = sourcecode.c.h; path = PLCell1.h; sourceTree = "<group>"; };
		E7E9C3CB1CC4AD120004FD24 /* PLCell1.m */ = {isa = PBXFileReference; fileEncoding = 4; lastKnownFileType = sourcecode.c.objc; path = PLCell1.m; sourceTree = "<group>"; };
/* End PBXFileReference section */

/* Begin PBXFrameworksBuildPhase section */
		E7E9C37D1CC2208C0004FD24 /* Frameworks */ = {
			isa = PBXFrameworksBuildPhase;
			buildActionMask = 2147483647;
			files = (
			);
			runOnlyForDeploymentPostprocessing = 0;
		};
		E7E9C3961CC2208D0004FD24 /* Frameworks */ = {
			isa = PBXFrameworksBuildPhase;
			buildActionMask = 2147483647;
			files = (
			);
			runOnlyForDeploymentPostprocessing = 0;
		};
		E7E9C3A11CC2208D0004FD24 /* Frameworks */ = {
			isa = PBXFrameworksBuildPhase;
			buildActionMask = 2147483647;
			files = (
			);
			runOnlyForDeploymentPostprocessing = 0;
		};
/* End PBXFrameworksBuildPhase section */

/* Begin PBXGroup section */
		E7E9C3771CC2208C0004FD24 = {
			isa = PBXGroup;
			children = (
				E7E9C3821CC2208C0004FD24 /* FakeTaoBaoIndex */,
				E7E9C39C1CC2208D0004FD24 /* FakeTaoBaoIndexTests */,
				E7E9C3A71CC2208D0004FD24 /* FakeTaoBaoIndexUITests */,
				E7E9C3811CC2208C0004FD24 /* Products */,
			);
			sourceTree = "<group>";
		};
		E7E9C3811CC2208C0004FD24 /* Products */ = {
			isa = PBXGroup;
			children = (
				E7E9C3801CC2208C0004FD24 /* FakeTaoBaoIndex.app */,
				E7E9C3991CC2208D0004FD24 /* FakeTaoBaoIndexTests.xctest */,
				E7E9C3A41CC2208D0004FD24 /* FakeTaoBaoIndexUITests.xctest */,
			);
			name = Products;
			sourceTree = "<group>";
		};
		E7E9C3821CC2208C0004FD24 /* FakeTaoBaoIndex */ = {
			isa = PBXGroup;
			children = (
				E7E9C3861CC2208D0004FD24 /* AppDelegate.h */,
				E7E9C3871CC2208D0004FD24 /* AppDelegate.m */,
				E7E9C3B61CC220E80004FD24 /* PLTableViewController.h */,
				E7E9C3B71CC220E80004FD24 /* PLTableViewController.m */,
				E7E9C38C1CC2208D0004FD24 /* Main.storyboard */,
				E7E9C3C41CC350790004FD24 /* PLCollectionViewLayout.h */,
				E7E9C3C51CC350790004FD24 /* PLCollectionViewLayout.m */,
				E7E9C3CA1CC4AD120004FD24 /* PLCell1.h */,
				E7E9C3CB1CC4AD120004FD24 /* PLCell1.m */,
				E7E9C38F1CC2208D0004FD24 /* Assets.xcassets */,
				E7E9C3911CC2208D0004FD24 /* LaunchScreen.storyboard */,
				E7E9C3941CC2208D0004FD24 /* Info.plist */,
				E7E9C3831CC2208C0004FD24 /* Supporting Files */,
			);
			path = FakeTaoBaoIndex;
			sourceTree = "<group>";
		};
		E7E9C3831CC2208C0004FD24 /* Supporting Files */ = {
			isa = PBXGroup;
			children = (
				E7E9C3841CC2208D0004FD24 /* main.m */,
			);
			name = "Supporting Files";
			sourceTree = "<group>";
		};
		E7E9C39C1CC2208D0004FD24 /* FakeTaoBaoIndexTests */ = {
			isa = PBXGroup;
			children = (
				E7E9C39D1CC2208D0004FD24 /* FakeTaoBaoIndexTests.m */,
				E7E9C39F1CC2208D0004FD24 /* Info.plist */,
			);
			path = FakeTaoBaoIndexTests;
			sourceTree = "<group>";
		};
		E7E9C3A71CC2208D0004FD24 /* FakeTaoBaoIndexUITests */ = {
			isa = PBXGroup;
			children = (
				E7E9C3A81CC2208D0004FD24 /* FakeTaoBaoIndexUITests.m */,
				E7E9C3AA1CC2208D0004FD24 /* Info.plist */,
			);
			path = FakeTaoBaoIndexUITests;
			sourceTree = "<group>";
		};
/* End PBXGroup section */

/* Begin PBXNativeTarget section */
		E7E9C37F1CC2208C0004FD24 /* FakeTaoBaoIndex */ = {
			isa = PBXNativeTarget;
			buildConfigurationList = E7E9C3AD1CC2208D0004FD24 /* Build configuration list for PBXNativeTarget "FakeTaoBaoIndex" */;
			buildPhases = (
				E7E9C37C1CC2208C0004FD24 /* Sources */,
				E7E9C37D1CC2208C0004FD24 /* Frameworks */,
				E7E9C37E1CC2208C0004FD24 /* Resources */,
			);
			buildRules = (
			);
			dependencies = (
			);
			name = FakeTaoBaoIndex;
			productName = FakeTaoBaoIndex;
			productReference = E7E9C3801CC2208C0004FD24 /* FakeTaoBaoIndex.app */;
			productType = "com.apple.product-type.application";
		};
		E7E9C3981CC2208D0004FD24 /* FakeTaoBaoIndexTests */ = {
			isa = PBXNativeTarget;
			buildConfigurationList = E7E9C3B01CC2208D0004FD24 /* Build configuration list for PBXNativeTarget "FakeTaoBaoIndexTests" */;
			buildPhases = (
				E7E9C3951CC2208D0004FD24 /* Sources */,
				E7E9C3961CC2208D0004FD24 /* Frameworks */,
				E7E9C3971CC2208D0004FD24 /* Resources */,
			);
			buildRules = (
			);
			dependencies = (
				E7E9C39B1CC2208D0004FD24 /* PBXTargetDependency */,
			);
			name = FakeTaoBaoIndexTests;
			productName = FakeTaoBaoIndexTests;
			productReference = E7E9C3991CC2208D0004FD24 /* FakeTaoBaoIndexTests.xctest */;
			productType = "com.apple.product-type.bundle.unit-test";
		};
		E7E9C3A31CC2208D0004FD24 /* FakeTaoBaoIndexUITests */ = {
			isa = PBXNativeTarget;
			buildConfigurationList = E7E9C3B31CC2208D0004FD24 /* Build configuration list for PBXNativeTarget "FakeTaoBaoIndexUITests" */;
			buildPhases = (
				E7E9C3A01CC2208D0004FD24 /* Sources */,
				E7E9C3A11CC2208D0004FD24 /* Frameworks */,
				E7E9C3A21CC2208D0004FD24 /* Resources */,
			);
			buildRules = (
			);
			dependencies = (
				E7E9C3A61CC2208D0004FD24 /* PBXTargetDependency */,
			);
			name = FakeTaoBaoIndexUITests;
			productName = FakeTaoBaoIndexUITests;
			productReference = E7E9C3A41CC2208D0004FD24 /* FakeTaoBaoIndexUITests.xctest */;
			productType = "com.apple.product-type.bundle.ui-testing";
		};
/* End PBXNativeTarget section */

/* Begin PBXProject section */
		E7E9C3781CC2208C0004FD24 /* Project object */ = {
			isa = PBXProject;
			attributes = {
				CLASSPREFIX = PL;
				LastUpgradeCheck = 0730;
				ORGANIZATIONNAME = "庞龙";
				TargetAttributes = {
					E7E9C37F1CC2208C0004FD24 = {
						CreatedOnToolsVersion = 7.3;
						DevelopmentTeam = 6Z93Q435CD;
					};
					E7E9C3981CC2208D0004FD24 = {
						CreatedOnToolsVersion = 7.3;
						DevelopmentTeam = 6Z93Q435CD;
						TestTargetID = E7E9C37F1CC2208C0004FD24;
					};
					E7E9C3A31CC2208D0004FD24 = {
						CreatedOnToolsVersion = 7.3;
						DevelopmentTeam = 6Z93Q435CD;
						TestTargetID = E7E9C37F1CC2208C0004FD24;
					};
				};
			};
			buildConfigurationList = E7E9C37B1CC2208C0004FD24 /* Build configuration list for PBXProject "FakeTaoBaoIndex" */;
			compatibilityVersion = "Xcode 3.2";
			developmentRegion = English;
			hasScannedForEncodings = 0;
			knownRegions = (
				en,
				Base,
			);
			mainGroup = E7E9C3771CC2208C0004FD24;
			productRefGroup = E7E9C3811CC2208C0004FD24 /* Products */;
			projectDirPath = "";
			projectRoot = "";
			targets = (
				E7E9C37F1CC2208C0004FD24 /* FakeTaoBaoIndex */,
				E7E9C3981CC2208D0004FD24 /* FakeTaoBaoIndexTests */,
				E7E9C3A31CC2208D0004FD24 /* FakeTaoBaoIndexUITests */,
			);
		};
/* End PBXProject section */

/* Begin PBXResourcesBuildPhase section */
		E7E9C37E1CC2208C0004FD24 /* Resources */ = {
			isa = PBXResourcesBuildPhase;
			buildActionMask = 2147483647;
			files = (
				E7E9C3931CC2208D0004FD24 /* LaunchScreen.storyboard in Resources */,
				E7E9C3901CC2208D0004FD24 /* Assets.xcassets in Resources */,
				E7E9C38E1CC2208D0004FD24 /* Main.storyboard in Resources */,
			);
			runOnlyForDeploymentPostprocessing = 0;
		};
		E7E9C3971CC2208D0004FD24 /* Resources */ = {
			isa = PBXResourcesBuildPhase;
			buildActionMask = 2147483647;
			files = (
			);
			runOnlyForDeploymentPostprocessing = 0;
		};
		E7E9C3A21CC2208D0004FD24 /* Resources */ = {
			isa = PBXResourcesBuildPhase;
			buildActionMask = 2147483647;
			files = (
			);
			runOnlyForDeploymentPostprocessing = 0;
		};
/* End PBXResourcesBuildPhase section */

/* Begin PBXSourcesBuildPhase section */
		E7E9C37C1CC2208C0004FD24 /* Sources */ = {
			isa = PBXSourcesBuildPhase;
			buildActionMask = 2147483647;
			files = (
				E7E9C3C61CC350790004FD24 /* PLCollectionViewLayout.m in Sources */,
				E7E9C3881CC2208D0004FD24 /* AppDelegate.m in Sources */,
				E7E9C3CC1CC4AD120004FD24 /* PLCell1.m in Sources */,
				E7E9C3B81CC220E80004FD24 /* PLTableViewController.m in Sources */,
				E7E9C3851CC2208D0004FD24 /* main.m in Sources */,
			);
			runOnlyForDeploymentPostprocessing = 0;
		};
		E7E9C3951CC2208D0004FD24 /* Sources */ = {
			isa = PBXSourcesBuildPhase;
			buildActionMask = 2147483647;
			files = (
				E7E9C39E1CC2208D0004FD24 /* FakeTaoBaoIndexTests.m in Sources */,
			);
			runOnlyForDeploymentPostprocessing = 0;
		};
		E7E9C3A01CC2208D0004FD24 /* Sources */ = {
			isa = PBXSourcesBuildPhase;
			buildActionMask = 2147483647;
			files = (
				E7E9C3A91CC2208D0004FD24 /* FakeTaoBaoIndexUITests.m in Sources */,
			);
			runOnlyForDeploymentPostprocessing = 0;
		};
/* End PBXSourcesBuildPhase section */

/* Begin PBXTargetDependency section */
		E7E9C39B1CC2208D0004FD24 /* PBXTargetDependency */ = {
			isa = PBXTargetDependency;
			target = E7E9C37F1CC2208C0004FD24 /* FakeTaoBaoIndex */;
			targetProxy = E7E9C39A1CC2208D0004FD24 /* PBXContainerItemProxy */;
		};
		E7E9C3A61CC2208D0004FD24 /* PBXTargetDependency */ = {
			isa = PBXTargetDependency;
			target = E7E9C37F1CC2208C0004FD24 /* FakeTaoBaoIndex */;
			targetProxy = E7E9C3A51CC2208D0004FD24 /* PBXContainerItemProxy */;
		};
/* End PBXTargetDependency section */

/* Begin PBXVariantGroup section */
		E7E9C38C1CC2208D0004FD24 /* Main.storyboard */ = {
			isa = PBXVariantGroup;
			children = (
				E7E9C38D1CC2208D0004FD24 /* Base */,
			);
			name = Main.storyboard;
			sourceTree = "<group>";
		};
		E7E9C3911CC2208D0004FD24 /* LaunchScreen.storyboard */ = {
			isa = PBXVariantGroup;
			children = (
				E7E9C3921CC2208D0004FD24 /* Base */,
			);
			name = LaunchScreen.storyboard;
			sourceTree = "<group>";
		};
/* End PBXVariantGroup section */

/* Begin XCBuildConfiguration section */
		E7E9C3AB1CC2208D0004FD24 /* Debug */ = {
			isa = XCBuildConfiguration;
			buildSettings = {
				ALWAYS_SEARCH_USER_PATHS = NO;
				CLANG_ANALYZER_NONNULL = YES;
				CLANG_CXX_LANGUAGE_STANDARD = "gnu++0x";
				CLANG_CXX_LIBRARY = "libc++";
				CLANG_ENABLE_MODULES = YES;
				CLANG_ENABLE_OBJC_ARC = YES;
				CLANG_WARN_BOOL_CONVERSION = YES;
				CLANG_WARN_CONSTANT_CONVERSION = YES;
				CLANG_WARN_DIRECT_OBJC_ISA_USAGE = YES_ERROR;
				CLANG_WARN_EMPTY_BODY = YES;
				CLANG_WARN_ENUM_CONVERSION = YES;
				CLANG_WARN_INT_CONVERSION = YES;
				CLANG_WARN_OBJC_ROOT_CLASS = YES_ERROR;
				CLANG_WARN_UNREACHABLE_CODE = YES;
				CLANG_WARN__DUPLICATE_METHOD_MATCH = YES;
				"CODE_SIGN_IDENTITY[sdk=iphoneos*]" = "iPhone Developer";
				COPY_PHASE_STRIP = NO;
				DEBUG_INFORMATION_FORMAT = dwarf;
				ENABLE_STRICT_OBJC_MSGSEND = YES;
				ENABLE_TESTABILITY = YES;
				GCC_C_LANGUAGE_STANDARD = gnu99;
				GCC_DYNAMIC_NO_PIC = NO;
				GCC_NO_COMMON_BLOCKS = YES;
				GCC_OPTIMIZATION_LEVEL = 0;
				GCC_PREPROCESSOR_DEFINITIONS = (
					"DEBUG=1",
					"$(inherited)",
				);
				GCC_WARN_64_TO_32_BIT_CONVERSION = YES;
				GCC_WARN_ABOUT_RETURN_TYPE = YES_ERROR;
				GCC_WARN_UNDECLARED_SELECTOR = YES;
				GCC_WARN_UNINITIALIZED_AUTOS = YES_AGGRESSIVE;
				GCC_WARN_UNUSED_FUNCTION = YES;
				GCC_WARN_UNUSED_VARIABLE = YES;
				IPHONEOS_DEPLOYMENT_TARGET = 9.3;
				MTL_ENABLE_DEBUG_INFO = YES;
				ONLY_ACTIVE_ARCH = YES;
				SDKROOT = iphoneos;
			};
			name = Debug;
		};
		E7E9C3AC1CC2208D0004FD24 /* Release */ = {
			isa = XCBuildConfiguration;
			buildSettings = {
				ALWAYS_SEARCH_USER_PATHS = NO;
				CLANG_ANALYZER_NONNULL = YES;
				CLANG_CXX_LANGUAGE_STANDARD = "gnu++0x";
				CLANG_CXX_LIBRARY = "libc++";
				CLANG_ENABLE_MODULES = YES;
				CLANG_ENABLE_OBJC_ARC = YES;
				CLANG_WARN_BOOL_CONVERSION = YES;
				CLANG_WARN_CONSTANT_CONVERSION = YES;
				CLANG_WARN_DIRECT_OBJC_ISA_USAGE = YES_ERROR;
				CLANG_WARN_EMPTY_BODY = YES;
				CLANG_WARN_ENUM_CONVERSION = YES;
				CLANG_WARN_INT_CONVERSION = YES;
				CLANG_WARN_OBJC_ROOT_CLASS = YES_ERROR;
				CLANG_WARN_UNREACHABLE_CODE = YES;
				CLANG_WARN__DUPLICATE_METHOD_MATCH = YES;
				"CODE_SIGN_IDENTITY[sdk=iphoneos*]" = "iPhone Developer";
				COPY_PHASE_STRIP = NO;
				DEBUG_INFORMATION_FORMAT = "dwarf-with-dsym";
				ENABLE_NS_ASSERTIONS = NO;
				ENABLE_STRICT_OBJC_MSGSEND = YES;
				GCC_C_LANGUAGE_STANDARD = gnu99;
				GCC_NO_COMMON_BLOCKS = YES;
				GCC_WARN_64_TO_32_BIT_CONVERSION = YES;
				GCC_WARN_ABOUT_RETURN_TYPE = YES_ERROR;
				GCC_WARN_UNDECLARED_SELECTOR = YES;
				GCC_WARN_UNINITIALIZED_AUTOS = YES_AGGRESSIVE;
				GCC_WARN_UNUSED_FUNCTION = YES;
				GCC_WARN_UNUSED_VARIABLE = YES;
				IPHONEOS_DEPLOYMENT_TARGET = 9.3;
				MTL_ENABLE_DEBUG_INFO = NO;
				SDKROOT = iphoneos;
				VALIDATE_PRODUCT = YES;
			};
			name = Release;
		};
		E7E9C3AE1CC2208D0004FD24 /* Debug */ = {
			isa = XCBuildConfiguration;
			buildSettings = {
				ASSETCATALOG_COMPILER_APPICON_NAME = AppIcon;
				INFOPLIST_FILE = FakeTaoBaoIndex/Info.plist;
				LD_RUNPATH_SEARCH_PATHS = "$(inherited) @executable_path/Frameworks";
				PRODUCT_BUNDLE_IDENTIFIER = com.pl.FakeTaoBaoIndex;
				PRODUCT_NAME = "$(TARGET_NAME)";
			};
			name = Debug;
		};
		E7E9C3AF1CC2208D0004FD24 /* Release */ = {
			isa = XCBuildConfiguration;
			buildSettings = {
				ASSETCATALOG_COMPILER_APPICON_NAME = AppIcon;
				INFOPLIST_FILE = FakeTaoBaoIndex/Info.plist;
				LD_RUNPATH_SEARCH_PATHS = "$(inherited) @executable_path/Frameworks";
				PRODUCT_BUNDLE_IDENTIFIER = com.pl.FakeTaoBaoIndex;
				PRODUCT_NAME = "$(TARGET_NAME)";
			};
			name = Release;
		};
		E7E9C3B11CC2208D0004FD24 /* Debug */ = {
			isa = XCBuildConfiguration;
			buildSettings = {
				BUNDLE_LOADER = "$(TEST_HOST)";
				INFOPLIST_FILE = FakeTaoBaoIndexTests/Info.plist;
				LD_RUNPATH_SEARCH_PATHS = "$(inherited) @executable_path/Frameworks @loader_path/Frameworks";
				PRODUCT_BUNDLE_IDENTIFIER = com.pl.FakeTaoBaoIndexTests;
				PRODUCT_NAME = "$(TARGET_NAME)";
				TEST_HOST = "$(BUILT_PRODUCTS_DIR)/FakeTaoBaoIndex.app/FakeTaoBaoIndex";
			};
			name = Debug;
		};
		E7E9C3B21CC2208D0004FD24 /* Release */ = {
			isa = XCBuildConfiguration;
			buildSettings = {
				BUNDLE_LOADER = "$(TEST_HOST)";
				INFOPLIST_FILE = FakeTaoBaoIndexTests/Info.plist;
				LD_RUNPATH_SEARCH_PATHS = "$(inherited) @executable_path/Frameworks @loader_path/Frameworks";
				PRODUCT_BUNDLE_IDENTIFIER = com.pl.FakeTaoBaoIndexTests;
				PRODUCT_NAME = "$(TARGET_NAME)";
				TEST_HOST = "$(BUILT_PRODUCTS_DIR)/FakeTaoBaoIndex.app/FakeTaoBaoIndex";
			};
			name = Release;
		};
		E7E9C3B41CC2208D0004FD24 /* Debug */ = {
			isa = XCBuildConfiguration;
			buildSettings = {
				INFOPLIST_FILE = FakeTaoBaoIndexUITests/Info.plist;
				LD_RUNPATH_SEARCH_PATHS = "$(inherited) @executable_path/Frameworks @loader_path/Frameworks";
				PRODUCT_BUNDLE_IDENTIFIER = com.pl.FakeTaoBaoIndexUITests;
				PRODUCT_NAME = "$(TARGET_NAME)";
				TEST_TARGET_NAME = FakeTaoBaoIndex;
			};
			name = Debug;
		};
		E7E9C3B51CC2208D0004FD24 /* Release */ = {
			isa = XCBuildConfiguration;
			buildSettings = {
				INFOPLIST_FILE = FakeTaoBaoIndexUITests/Info.plist;
				LD_RUNPATH_SEARCH_PATHS = "$(inherited) @executable_path/Frameworks @loader_path/Frameworks";
				PRODUCT_BUNDLE_IDENTIFIER = com.pl.FakeTaoBaoIndexUITests;
				PRODUCT_NAME = "$(TARGET_NAME)";
				TEST_TARGET_NAME = FakeTaoBaoIndex;
			};
			name = Release;
		};
/* End XCBuildConfiguration section */

/* Begin XCConfigurationList section */
		E7E9C37B1CC2208C0004FD24 /* Build configuration list for PBXProject "FakeTaoBaoIndex" */ = {
			isa = XCConfigurationList;
			buildConfigurations = (
				E7E9C3AB1CC2208D0004FD24 /* Debug */,
				E7E9C3AC1CC2208D0004FD24 /* Release */,
			);
			defaultConfigurationIsVisible = 0;
			defaultConfigurationName = Release;
		};
		E7E9C3AD1CC2208D0004FD24 /* Build configuration list for PBXNativeTarget "FakeTaoBaoIndex" */ = {
			isa = XCConfigurationList;
			buildConfigurations = (
				E7E9C3AE1CC2208D0004FD24 /* Debug */,
				E7E9C3AF1CC2208D0004FD24 /* Release */,
			);
			defaultConfigurationIsVisible = 0;
		};
		E7E9C3B01CC2208D0004FD24 /* Build configuration list for PBXNativeTarget "FakeTaoBaoIndexTests" */ = {
			isa = XCConfigurationList;
			buildConfigurations = (
				E7E9C3B11CC2208D0004FD24 /* Debug */,
				E7E9C3B21CC2208D0004FD24 /* Release */,
			);
			defaultConfigurationIsVisible = 0;
		};
		E7E9C3B31CC2208D0004FD24 /* Build configuration list for PBXNativeTarget "FakeTaoBaoIndexUITests" */ = {
			isa = XCConfigurationList;
			buildConfigurations = (
				E7E9C3B41CC2208D0004FD24 /* Debug */,
				E7E9C3B51CC2208D0004FD24 /* Release */,
			);
			defaultConfigurationIsVisible = 0;
		};
/* End XCConfigurationList section */
	};
	rootObject = E7E9C3781CC2208C0004FD24 /* Project object */;
}
